// !$*UTF8*$!
{
	archiveVersion = 1;
	classes = {
	};
	objectVersion = 50;
	objects = {

/* Begin PBXBuildFile section */
		69A2708020D8D2930005E8AC /* AppDelegate.swift in Sources */ = {isa = PBXBuildFile; fileRef = 69A2707F20D8D2930005E8AC /* AppDelegate.swift */; };
		69A2708220D8D2930005E8AC /* art.scnassets in Resources */ = {isa = PBXBuildFile; fileRef = 69A2708120D8D2930005E8AC /* art.scnassets */; };
		69A2708420D8D2930005E8AC /* ViewController.swift in Sources */ = {isa = PBXBuildFile; fileRef = 69A2708320D8D2930005E8AC /* ViewController.swift */; };
		69A2708720D8D2930005E8AC /* Main.storyboard in Resources */ = {isa = PBXBuildFile; fileRef = 69A2708520D8D2930005E8AC /* Main.storyboard */; };
		69A2708920D8D2950005E8AC /* Assets.xcassets in Resources */ = {isa = PBXBuildFile; fileRef = 69A2708820D8D2950005E8AC /* Assets.xcassets */; };
		69A2708C20D8D2950005E8AC /* LaunchScreen.storyboard in Resources */ = {isa = PBXBuildFile; fileRef = 69A2708A20D8D2950005E8AC /* LaunchScreen.storyboard */; };
		69A2709520D8F14C0005E8AC /* TrackedArray.swift in Sources */ = {isa = PBXBuildFile; fileRef = 69A2709420D8F14C0005E8AC /* TrackedArray.swift */; };
		69A2709720D8F9810005E8AC /* printNodeInfo.swift in Sources */ = {isa = PBXBuildFile; fileRef = 69A2709620D8F9810005E8AC /* printNodeInfo.swift */; };
		69A2709920D8FF900005E8AC /* American Gothic by Grant Wood.jpg in Resources */ = {isa = PBXBuildFile; fileRef = 69A2709820D8FF900005E8AC /* American Gothic by Grant Wood.jpg */; };
		69A2709C20D900A40005E8AC /* Stu-mick-o-súcks by George Catlin.jpg in Resources */ = {isa = PBXBuildFile; fileRef = 69A2709B20D900A40005E8AC /* Stu-mick-o-súcks by George Catlin.jpg */; };
		69A2709E20D900AC0005E8AC /* The Gulf Stream by Winslow Homer.jpg in Resources */ = {isa = PBXBuildFile; fileRef = 69A2709D20D900AC0005E8AC /* The Gulf Stream by Winslow Homer.jpg */; };
/* End PBXBuildFile section */

/* Begin PBXFileReference section */
		69A2707C20D8D2930005E8AC /* Placing Images.app */ = {isa = PBXFileReference; explicitFileType = wrapper.application; includeInIndex = 0; path = "Placing Images.app"; sourceTree = BUILT_PRODUCTS_DIR; };
		69A2707F20D8D2930005E8AC /* AppDelegate.swift */ = {isa = PBXFileReference; lastKnownFileType = sourcecode.swift; path = AppDelegate.swift; sourceTree = "<group>"; };
		69A2708120D8D2930005E8AC /* art.scnassets */ = {isa = PBXFileReference; lastKnownFileType = wrapper.scnassets; path = art.scnassets; sourceTree = "<group>"; };
		69A2708320D8D2930005E8AC /* ViewController.swift */ = {isa = PBXFileReference; lastKnownFileType = sourcecode.swift; path = ViewController.swift; sourceTree = "<group>"; };
		69A2708620D8D2930005E8AC /* Base */ = {isa = PBXFileReference; lastKnownFileType = file.storyboard; name = Base; path = Base.lproj/Main.storyboard; sourceTree = "<group>"; };
		69A2708820D8D2950005E8AC /* Assets.xcassets */ = {isa = PBXFileReference; lastKnownFileType = folder.assetcatalog; path = Assets.xcassets; sourceTree = "<group>"; };
		69A2708B20D8D2950005E8AC /* Base */ = {isa = PBXFileReference; lastKnownFileType = file.storyboard; name = Base; path = Base.lproj/LaunchScreen.storyboard; sourceTree = "<group>"; };
		69A2708D20D8D2950005E8AC /* Info.plist */ = {isa = PBXFileReference; lastKnownFileType = text.plist.xml; path = Info.plist; sourceTree = "<group>"; };
		69A2709420D8F14C0005E8AC /* TrackedArray.swift */ = {isa = PBXFileReference; fileEncoding = 4; lastKnownFileType = sourcecode.swift; path = TrackedArray.swift; sourceTree = "<group>"; };
		69A2709620D8F9810005E8AC /* printNodeInfo.swift */ = {isa = PBXFileReference; fileEncoding = 4; lastKnownFileType = sourcecode.swift; path = printNodeInfo.swift; sourceTree = "<group>"; };
		69A2709820D8FF900005E8AC /* American Gothic by Grant Wood.jpg */ = {isa = PBXFileReference; lastKnownFileType = image.jpeg; path = "American Gothic by Grant Wood.jpg"; sourceTree = "<group>"; };
		69A2709B20D900A40005E8AC /* Stu-mick-o-súcks by George Catlin.jpg */ = {isa = PBXFileReference; lastKnownFileType = image.jpeg; path = "Stu-mick-o-súcks by George Catlin.jpg"; sourceTree = "<group>"; };
		69A2709D20D900AC0005E8AC /* The Gulf Stream by Winslow Homer.jpg */ = {isa = PBXFileReference; lastKnownFileType = image.jpeg; path = "The Gulf Stream by Winslow Homer.jpg"; sourceTree = "<group>"; };
/* End PBXFileReference section */

/* Begin PBXFrameworksBuildPhase section */
		69A2707920D8D2930005E8AC /* Frameworks */ = {
			isa = PBXFrameworksBuildPhase;
			buildActionMask = 2147483647;
			files = (
			);
			runOnlyForDeploymentPostprocessing = 0;
		};
/* End PBXFrameworksBuildPhase section */

/* Begin PBXGroup section */
		69A2707320D8D2930005E8AC = {
			isa = PBXGroup;
			children = (
				69A2707E20D8D2930005E8AC /* Placing Images */,
				69A2707D20D8D2930005E8AC /* Products */,
			);
			sourceTree = "<group>";
		};
		69A2707D20D8D2930005E8AC /* Products */ = {
			isa = PBXGroup;
			children = (
				69A2707C20D8D2930005E8AC /* Placing Images.app */,
			);
			name = Products;
			sourceTree = "<group>";
		};
		69A2707E20D8D2930005E8AC /* Placing Images */ = {
			isa = PBXGroup;
			children = (
				69A2709A20D900870005E8AC /* images */,
				69A2707F20D8D2930005E8AC /* AppDelegate.swift */,
				69A2708120D8D2930005E8AC /* art.scnassets */,
				69A2709620D8F9810005E8AC /* printNodeInfo.swift */,
				69A2709420D8F14C0005E8AC /* TrackedArray.swift */,
				69A2708320D8D2930005E8AC /* ViewController.swift */,
				69A2708520D8D2930005E8AC /* Main.storyboard */,
				69A2708820D8D2950005E8AC /* Assets.xcassets */,
				69A2708A20D8D2950005E8AC /* LaunchScreen.storyboard */,
				69A2708D20D8D2950005E8AC /* Info.plist */,
			);
			path = "Placing Images";
			sourceTree = "<group>";
		};
		69A2709A20D900870005E8AC /* images */ = {
			isa = PBXGroup;
			children = (
				69A2709820D8FF900005E8AC /* American Gothic by Grant Wood.jpg */,
				69A2709B20D900A40005E8AC /* Stu-mick-o-súcks by George Catlin.jpg */,
				69A2709D20D900AC0005E8AC /* The Gulf Stream by Winslow Homer.jpg */,
			);
			path = images;
			sourceTree = "<group>";
		};
/* End PBXGroup section */

/* Begin PBXNativeTarget section */
		69A2707B20D8D2930005E8AC /* Placing Images */ = {
			isa = PBXNativeTarget;
			buildConfigurationList = 69A2709020D8D2950005E8AC /* Build configuration list for PBXNativeTarget "Placing Images" */;
			buildPhases = (
				69A2707820D8D2930005E8AC /* Sources */,
				69A2707920D8D2930005E8AC /* Frameworks */,
				69A2707A20D8D2930005E8AC /* Resources */,
			);
			buildRules = (
			);
			dependencies = (
			);
			name = "Placing Images";
			productName = "Placing Images";
			productReference = 69A2707C20D8D2930005E8AC /* Placing Images.app */;
			productType = "com.apple.product-type.application";
		};
/* End PBXNativeTarget section */

/* Begin PBXProject section */
		69A2707420D8D2930005E8AC /* Project object */ = {
			isa = PBXProject;
			attributes = {
				LastSwiftUpdateCheck = 1000;
				LastUpgradeCheck = 1000;
				ORGANIZATIONNAME = "Denis Bystruev";
				TargetAttributes = {
					69A2707B20D8D2930005E8AC = {
						CreatedOnToolsVersion = 10.0;
					};
				};
			};
			buildConfigurationList = 69A2707720D8D2930005E8AC /* Build configuration list for PBXProject "Placing Images" */;
			compatibilityVersion = "Xcode 9.3";
			developmentRegion = en;
			hasScannedForEncodings = 0;
			knownRegions = (
				en,
				Base,
			);
			mainGroup = 69A2707320D8D2930005E8AC;
			productRefGroup = 69A2707D20D8D2930005E8AC /* Products */;
			projectDirPath = "";
			projectRoot = "";
			targets = (
				69A2707B20D8D2930005E8AC /* Placing Images */,
			);
		};
/* End PBXProject section */

/* Begin PBXResourcesBuildPhase section */
		69A2707A20D8D2930005E8AC /* Resources */ = {
			isa = PBXResourcesBuildPhase;
			buildActionMask = 2147483647;
			files = (
				69A2708220D8D2930005E8AC /* art.scnassets in Resources */,
				69A2708C20D8D2950005E8AC /* LaunchScreen.storyboard in Resources */,
				69A2709E20D900AC0005E8AC /* The Gulf Stream by Winslow Homer.jpg in Resources */,
				69A2709C20D900A40005E8AC /* Stu-mick-o-súcks by George Catlin.jpg in Resources */,
				69A2708920D8D2950005E8AC /* Assets.xcassets in Resources */,
				69A2709920D8FF900005E8AC /* American Gothic by Grant Wood.jpg in Resources */,
				69A2708720D8D2930005E8AC /* Main.storyboard in Resources */,
			);
			runOnlyForDeploymentPostprocessing = 0;
		};
/* End PBXResourcesBuildPhase section */

/* Begin PBXSourcesBuildPhase section */
		69A2707820D8D2930005E8AC /* Sources */ = {
			isa = PBXSourcesBuildPhase;
			buildActionMask = 2147483647;
			files = (
				69A2708420D8D2930005E8AC /* ViewController.swift in Sources */,
				69A2709720D8F9810005E8AC /* printNodeInfo.swift in Sources */,
				69A2708020D8D2930005E8AC /* AppDelegate.swift in Sources */,
				69A2709520D8F14C0005E8AC /* TrackedArray.swift in Sources */,
			);
			runOnlyForDeploymentPostprocessing = 0;
		};
/* End PBXSourcesBuildPhase section */

/* Begin PBXVariantGroup section */
		69A2708520D8D2930005E8AC /* Main.storyboard */ = {
			isa = PBXVariantGroup;
			children = (
				69A2708620D8D2930005E8AC /* Base */,
			);
			name = Main.storyboard;
			sourceTree = "<group>";
		};
		69A2708A20D8D2950005E8AC /* LaunchScreen.storyboard */ = {
			isa = PBXVariantGroup;
			children = (
				69A2708B20D8D2950005E8AC /* Base */,
			);
			name = LaunchScreen.storyboard;
			sourceTree = "<group>";
		};
/* End PBXVariantGroup section */

/* Begin XCBuildConfiguration section */
		69A2708E20D8D2950005E8AC /* Debug */ = {
			isa = XCBuildConfiguration;
			buildSettings = {
				ALWAYS_SEARCH_USER_PATHS = NO;
				CLANG_ANALYZER_NONNULL = YES;
				CLANG_ANALYZER_NUMBER_OBJECT_CONVERSION = YES_AGGRESSIVE;
				CLANG_CXX_LANGUAGE_STANDARD = "gnu++14";
				CLANG_CXX_LIBRARY = "libc++";
				CLANG_ENABLE_MODULES = YES;
				CLANG_ENABLE_OBJC_ARC = YES;
				CLANG_ENABLE_OBJC_WEAK = YES;
				CLANG_WARN_BLOCK_CAPTURE_AUTORELEASING = YES;
				CLANG_WARN_BOOL_CONVERSION = YES;
				CLANG_WARN_COMMA = YES;
				CLANG_WARN_CONSTANT_CONVERSION = YES;
				CLANG_WARN_DEPRECATED_OBJC_IMPLEMENTATIONS = YES;
				CLANG_WARN_DIRECT_OBJC_ISA_USAGE = YES_ERROR;
				CLANG_WARN_DOCUMENTATION_COMMENTS = YES;
				CLANG_WARN_EMPTY_BODY = YES;
				CLANG_WARN_ENUM_CONVERSION = YES;
				CLANG_WARN_INFINITE_RECURSION = YES;
				CLANG_WARN_INT_CONVERSION = YES;
				CLANG_WARN_NON_LITERAL_NULL_CONVERSION = YES;
				CLANG_WARN_OBJC_IMPLICIT_RETAIN_SELF = YES;
				CLANG_WARN_OBJC_LITERAL_CONVERSION = YES;
				CLANG_WARN_OBJC_ROOT_CLASS = YES_ERROR;
				CLANG_WARN_RANGE_LOOP_ANALYSIS = YES;
				CLANG_WARN_STRICT_PROTOTYPES = YES;
				CLANG_WARN_SUSPICIOUS_MOVE = YES;
				CLANG_WARN_UNGUARDED_AVAILABILITY = YES_AGGRESSIVE;
				CLANG_WARN_UNREACHABLE_CODE = YES;
				CLANG_WARN__DUPLICATE_METHOD_MATCH = YES;
				CODE_SIGN_IDENTITY = "iPhone Developer";
				COPY_PHASE_STRIP = NO;
				DEBUG_INFORMATION_FORMAT = dwarf;
				ENABLE_STRICT_OBJC_MSGSEND = YES;
				ENABLE_TESTABILITY = YES;
				GCC_C_LANGUAGE_STANDARD = gnu11;
				GCC_DYNAMIC_NO_PIC = NO;
				GCC_NO_COMMON_BLOCKS = YES;
				GCC_OPTIMIZATION_LEVEL = 0;
				GCC_PREPROCESSOR_DEFINITIONS = (
					"DEBUG=1",
					"$(inherited)",
				);
				GCC_WARN_64_TO_32_BIT_CONVERSION = YES;
				GCC_WARN_ABOUT_RETURN_TYPE = YES_ERROR;
				GCC_WARN_UNDECLARED_SELECTOR = YES;
				GCC_WARN_UNINITIALIZED_AUTOS = YES_AGGRESSIVE;
				GCC_WARN_UNUSED_FUNCTION = YES;
				GCC_WARN_UNUSED_VARIABLE = YES;
				IPHONEOS_DEPLOYMENT_TARGET = 12.0;
				MTL_ENABLE_DEBUG_INFO = INCLUDE_SOURCE;
				ONLY_ACTIVE_ARCH = YES;
				SDKROOT = iphoneos;
				SWIFT_ACTIVE_COMPILATION_CONDITIONS = DEBUG;
				SWIFT_OPTIMIZATION_LEVEL = "-Onone";
			};
			name = Debug;
		};
		69A2708F20D8D2950005E8AC /* Release */ = {
			isa = XCBuildConfiguration;
			buildSettings = {
				ALWAYS_SEARCH_USER_PATHS = NO;
				CLANG_ANALYZER_NONNULL = YES;
				CLANG_ANALYZER_NUMBER_OBJECT_CONVERSION = YES_AGGRESSIVE;
				CLANG_CXX_LANGUAGE_STANDARD = "gnu++14";
				CLANG_CXX_LIBRARY = "libc++";
				CLANG_ENABLE_MODULES = YES;
				CLANG_ENABLE_OBJC_ARC = YES;
				CLANG_ENABLE_OBJC_WEAK = YES;
				CLANG_WARN_BLOCK_CAPTURE_AUTORELEASING = YES;
				CLANG_WARN_BOOL_CONVERSION = YES;
				CLANG_WARN_COMMA = YES;
				CLANG_WARN_CONSTANT_CONVERSION = YES;
				CLANG_WARN_DEPRECATED_OBJC_IMPLEMENTATIONS = YES;
				CLANG_WARN_DIRECT_OBJC_ISA_USAGE = YES_ERROR;
				CLANG_WARN_DOCUMENTATION_COMMENTS = YES;
				CLANG_WARN_EMPTY_BODY = YES;
				CLANG_WARN_ENUM_CONVERSION = YES;
				CLANG_WARN_INFINITE_RECURSION = YES;
				CLANG_WARN_INT_CONVERSION = YES;
				CLANG_WARN_NON_LITERAL_NULL_CONVERSION = YES;
				CLANG_WARN_OBJC_IMPLICIT_RETAIN_SELF = YES;
				CLANG_WARN_OBJC_LITERAL_CONVERSION = YES;
				CLANG_WARN_OBJC_ROOT_CLASS = YES_ERROR;
				CLANG_WARN_RANGE_LOOP_ANALYSIS = YES;
				CLANG_WARN_STRICT_PROTOTYPES = YES;
				CLANG_WARN_SUSPICIOUS_MOVE = YES;
				CLANG_WARN_UNGUARDED_AVAILABILITY = YES_AGGRESSIVE;
				CLANG_WARN_UNREACHABLE_CODE = YES;
				CLANG_WARN__DUPLICATE_METHOD_MATCH = YES;
				CODE_SIGN_IDENTITY = "iPhone Developer";
				COPY_PHASE_STRIP = NO;
				DEBUG_INFORMATION_FORMAT = "dwarf-with-dsym";
				ENABLE_NS_ASSERTIONS = NO;
				ENABLE_STRICT_OBJC_MSGSEND = YES;
				GCC_C_LANGUAGE_STANDARD = gnu11;
				GCC_NO_COMMON_BLOCKS = YES;
				GCC_WARN_64_TO_32_BIT_CONVERSION = YES;
				GCC_WARN_ABOUT_RETURN_TYPE = YES_ERROR;
				GCC_WARN_UNDECLARED_SELECTOR = YES;
				GCC_WARN_UNINITIALIZED_AUTOS = YES_AGGRESSIVE;
				GCC_WARN_UNUSED_FUNCTION = YES;
				GCC_WARN_UNUSED_VARIABLE = YES;
				IPHONEOS_DEPLOYMENT_TARGET = 12.0;
				MTL_ENABLE_DEBUG_INFO = NO;
				SDKROOT = iphoneos;
				SWIFT_COMPILATION_MODE = wholemodule;
				SWIFT_OPTIMIZATION_LEVEL = "-O";
				VALIDATE_PRODUCT = YES;
			};
			name = Release;
		};
		69A2709120D8D2950005E8AC /* Debug */ = {
			isa = XCBuildConfiguration;
			buildSettings = {
				ASSETCATALOG_COMPILER_APPICON_NAME = AppIcon;
				CODE_SIGN_STYLE = Automatic;
				DEVELOPMENT_TEAM = 8J39KF9DMS;
				INFOPLIST_FILE = "Placing Images/Info.plist";
				IPHONEOS_DEPLOYMENT_TARGET = 11.3;
				LD_RUNPATH_SEARCH_PATHS = (
					"$(inherited)",
					"@executable_path/Frameworks",
				);
				PRODUCT_BUNDLE_IDENTIFIER = "ru.learnSwift.Placing-Images";
				PRODUCT_NAME = "$(TARGET_NAME)";
				SWIFT_VERSION = 4.2;
				TARGETED_DEVICE_FAMILY = "1,2";
			};
			name = Debug;
		};
		69A2709220D8D2950005E8AC /* Release */ = {
			isa = XCBuildConfiguration;
			buildSettings = {
				ASSETCATALOG_COMPILER_APPICON_NAME = AppIcon;
				CODE_SIGN_STYLE = Automatic;
				DEVELOPMENT_TEAM = 8J39KF9DMS;
				INFOPLIST_FILE = "Placing Images/Info.plist";
				IPHONEOS_DEPLOYMENT_TARGET = 11.3;
				LD_RUNPATH_SEARCH_PATHS = (
					"$(inherited)",
					"@executable_path/Frameworks",
				);
				PRODUCT_BUNDLE_IDENTIFIER = "ru.learnSwift.Placing-Images";
				PRODUCT_NAME = "$(TARGET_NAME)";
				SWIFT_VERSION = 4.2;
				TARGETED_DEVICE_FAMILY = "1,2";
			};
			name = Release;
		};
/* End XCBuildConfiguration section */

/* Begin XCConfigurationList section */
		69A2707720D8D2930005E8AC /* Build configuration list for PBXProject "Placing Images" */ = {
			isa = XCConfigurationList;
			buildConfigurations = (
				69A2708E20D8D2950005E8AC /* Debug */,
				69A2708F20D8D2950005E8AC /* Release */,
			);
			defaultConfigurationIsVisible = 0;
			defaultConfigurationName = Release;
		};
		69A2709020D8D2950005E8AC /* Build configuration list for PBXNativeTarget "Placing Images" */ = {
			isa = XCConfigurationList;
			buildConfigurations = (
				69A2709120D8D2950005E8AC /* Debug */,
				69A2709220D8D2950005E8AC /* Release */,
			);
			defaultConfigurationIsVisible = 0;
			defaultConfigurationName = Release;
		};
/* End XCConfigurationList section */
	};
	rootObject = 69A2707420D8D2930005E8AC /* Project object */;
}
